<?xml version="1.0" encoding="utf-8"?>
<Project ToolsVersion="4.0" xmlns="http://schemas.microsoft.com/developer/msbuild/2003">
  <ItemGroup>
    <Filter Include="C++11">
      <UniqueIdentifier>{56b82b0a-52f3-44e2-9fb5-26f633c4b4d2}</UniqueIdentifier>
    </Filter>
    <Filter Include="C++14">
      <UniqueIdentifier>{abeae142-0a71-45ce-a1a1-21d3265475eb}</UniqueIdentifier>
    </Filter>
    <Filter Include="C++17">
      <UniqueIdentifier>{f74656e3-b154-43d5-a854-5193c591bddb}</UniqueIdentifier>
    </Filter>
    <Filter Include="C++20">
      <UniqueIdentifier>{05a2cb75-991f-4373-a9a5-ef9c73668f7c}</UniqueIdentifier>
    </Filter>
    <Filter Include="C++23">
      <UniqueIdentifier>{8b4b3d7e-9f1c-4b7a-8d5e-6f3a2c9e8d1a}</UniqueIdentifier>
    </Filter>
    <Filter Include=".Doc">
      <UniqueIdentifier>{41346d56-c756-40e2-a34c-fe1f800bebc4}</UniqueIdentifier>
    </Filter>
  </ItemGroup>
  <ItemGroup>
    <None Include="Cpp11_Advanced_Guide.md">
      <Filter>.Doc</Filter>
    </None>
    <None Include="Cpp14_Advanced_Guide.md">
      <Filter>.Doc</Filter>
    </None>
    <None Include="Cpp17_Advanced_Guide.md">
      <Filter>.Doc</Filter>
    </None>
    <None Include="Cpp20_Advanced_Guide.md">
      <Filter>.Doc</Filter>
    </None>
    <None Include="Cpp23_Advanced_Guide.md">
      <Filter>.Doc</Filter>
    </None>
    <None Include="README.md">
      <Filter>.Doc</Filter>
    </None>
  </ItemGroup>
  <ItemGroup>
    <ClCompile Include="C++11\01_rvalue_references_move_semantics.cpp">
      <Filter>C++11</Filter>
    </ClCompile>
    <ClCompile Include="C++11\02_lambda_expressions.cpp">
      <Filter>C++11</Filter>
    </ClCompile>
    <ClCompile Include="C++11\03_smart_pointers_raii.cpp">
      <Filter>C++11</Filter>
    </ClCompile>
    <ClCompile Include="C++11\04_variadic_templates.cpp">
      <Filter>C++11</Filter>
    </ClCompile>
    <ClCompile Include="C++11\05_constexpr_compile_time.cpp">
      <Filter>C++11</Filter>
    </ClCompile>
    <ClCompile Include="C++11\06_decltype_type_deduction.cpp">
      <Filter>C++11</Filter>
    </ClCompile>
    <ClCompile Include="C++11\07_threading_concurrency.cpp">
      <Filter>C++11</Filter>
    </ClCompile>
    <ClCompile Include="C++11\08_uniform_initialization.cpp">
      <Filter>C++11</Filter>
    </ClCompile>
    <ClCompile Include="C++11\09_type_traits_sfinae.cpp">
      <Filter>C++11</Filter>
    </ClCompile>
    <ClCompile Include="C++11\10_scoped_enums.cpp">
      <Filter>C++11</Filter>
    </ClCompile>
    <ClCompile Include="C++14\01_function_return_type_deduction.cpp">
      <Filter>C++14</Filter>
    </ClCompile>
    <ClCompile Include="C++14\02_generalized_lambda_capture.cpp">
      <Filter>C++14</Filter>
    </ClCompile>
    <ClCompile Include="C++14\03_variable_templates.cpp">
      <Filter>C++14</Filter>
    </ClCompile>
    <ClCompile Include="C++14\04_generalized_constexpr_functions.cpp">
      <Filter>C++14</Filter>
    </ClCompile>
    <ClCompile Include="C++14\05_binary_literals_digit_separators.cpp">
      <Filter>C++14</Filter>
    </ClCompile>
    <ClCompile Include="C++14\06_stdlib_new_features.cpp">
      <Filter>C++14</Filter>
    </ClCompile>
    <ClCompile Include="C++14\07_user_defined_literals.cpp">
      <Filter>C++14</Filter>
    </ClCompile>
    <ClCompile Include="C++14\08_alias_templates.cpp">
      <Filter>C++14</Filter>
    </ClCompile>
    <ClCompile Include="C++14\09_metaprogramming_new_features.cpp">
      <Filter>C++14</Filter>
    </ClCompile>
    <ClCompile Include="C++17\01_structured_bindings.cpp">
      <Filter>C++17</Filter>
    </ClCompile>
    <ClCompile Include="C++17\02_constexpr_if.cpp">
      <Filter>C++17</Filter>
    </ClCompile>
    <ClCompile Include="C++17\03_fold_expressions.cpp">
      <Filter>C++17</Filter>
    </ClCompile>
    <ClCompile Include="C++17\04_class_template_argument_deduction.cpp">
      <Filter>C++17</Filter>
    </ClCompile>
    <ClCompile Include="C++17\05_optional_variant.cpp">
      <Filter>C++17</Filter>
    </ClCompile>
    <ClCompile Include="C++17\06_inline_variables.cpp">
      <Filter>C++17</Filter>
    </ClCompile>
    <ClCompile Include="C++17\07_string_view.cpp">
      <Filter>C++17</Filter>
    </ClCompile>
    <ClCompile Include="C++17\08_parallel_algorithms.cpp">
      <Filter>C++17</Filter>
    </ClCompile>
    <ClCompile Include="C++17\09_other_features.cpp">
      <Filter>C++17</Filter>
    </ClCompile>
    <ClCompile Include="C++20\01_concepts.cpp">
      <Filter>C++20</Filter>
    </ClCompile>
    <ClCompile Include="C++20\02_ranges.cpp">
      <Filter>C++20</Filter>
    </ClCompile>
    <ClCompile Include="C++20\03_coroutines.cpp">
      <Filter>C++20</Filter>
    </ClCompile>
    <ClCompile Include="C++20\04_consteval_constinit.cpp">
      <Filter>C++20</Filter>
    </ClCompile>
    <ClCompile Include="C++20\05_three_way_comparison.cpp">
      <Filter>C++20</Filter>
    </ClCompile>
    <ClCompile Include="C++20\06_lambda_enhancements.cpp">
      <Filter>C++20</Filter>
    </ClCompile>
    <ClCompile Include="C++20\07_other_features.cpp">
      <Filter>C++20</Filter>
    </ClCompile>
    <ClCompile Include="C++20\08_modules.cpp">
      <Filter>C++20</Filter>
    </ClCompile>
    <ClCompile Include="C++23\01_expected_error_handling.cpp">
      <Filter>C++23</Filter>
    </ClCompile>
    <ClCompile Include="C++23\02_mdspan_multidimensional.cpp">
      <Filter>C++23</Filter>
    </ClCompile>
    <ClCompile Include="C++23\03_print_modern_output.cpp">
      <Filter>C++23</Filter>
    </ClCompile>
    <ClCompile Include="C++23\04_ranges_enhancements.cpp">
      <Filter>C++23</Filter>
    </ClCompile>
    <ClCompile Include="C++23\05_consteval_unreachable.cpp">
      <Filter>C++23</Filter>
    </ClCompile>
    <ClCompile Include="C++23\06_type_traits_concepts.cpp">
      <Filter>C++23</Filter>
    </ClCompile>
  </ItemGroup>
</Project>